
Microsoft Visual Studio Solution File, Format Version 12.00
# Visual Studio Version 16
VisualStudioVersion = 16.0.30320.27
MinimumVisualStudioVersion = 10.0.40219.1
Project("{FAE04EC0-301F-11D3-BF4B-00C04F79EFBC}") = "XML2SHP", "XML2SHP\XML2SHP.csproj", "{9FF87FDF-9AA1-4B81-A815-1CDCCD3BD325}"
EndProject
Global
	GlobalSection(SolutionConfigurationPlatforms) = preSolution
		Debug|Any CPU = Debug|Any CPU
		Release|Any CPU = Release|Any CPU
	EndGlobalSection
	GlobalSection(ProjectConfigurationPlatforms) = postSolution
		{9FF87FDF-9AA1-4B81-A815-1CDCCD3BD325}.Debug|Any CPU.ActiveCfg = Debug|Any CPU
		{9FF87FDF-9AA1-4B81-A815-1CDCCD3BD325}.Debug|Any CPU.Build.0 = Debug|Any CPU
		{9FF87FDF-9AA1-4B81-A815-1CDCCD3BD325}.Release|Any CPU.ActiveCfg = Release|Any CPU
		{9FF87FDF-9AA1-4B81-A815-1CDCCD3BD325}.Release|Any CPU.Build.0 = Release|Any CPU
	EndGlobalSection
	GlobalSection(SolutionProperties) = preSolution
		HideSolutionNode = FALSE
	EndGlobalSection
	GlobalSection(ExtensibilityGlobals) = postSolution
		SolutionGuid = {E3FE906F-FB28-4C0E-928E-E3EAB8D17119}
	EndGlobalSection
EndGlobal
